
Microsoft Visual Studio Solution File, Format Version 12.00
# Visual Studio 15
VisualStudioVersion = 15.0.27130.2026
MinimumVisualStudioVersion = 10.0.40219.1
Project("{FAE04EC0-301F-11D3-BF4B-00C04F79EFBC}") = "Office", "Office\Office.csproj", "{AD0E552D-083D-433E-9384-B6B9B14DAF4E}"
EndProject
Global
	GlobalSection(SolutionConfigurationPlatforms) = preSolution
		Debug|Any CPU = Debug|Any CPU
		Release|Any CPU = Release|Any CPU
	EndGlobalSection
	GlobalSection(ProjectConfigurationPlatforms) = postSolution
		{AD0E552D-083D-433E-9384-B6B9B14DAF4E}.Debug|Any CPU.ActiveCfg = Debug|Any CPU
		{AD0E552D-083D-433E-9384-B6B9B14DAF4E}.Debug|Any CPU.Build.0 = Debug|Any CPU
		{AD0E552D-083D-433E-9384-B6B9B14DAF4E}.Release|Any CPU.ActiveCfg = Release|Any CPU
		{AD0E552D-083D-433E-9384-B6B9B14DAF4E}.Release|Any CPU.Build.0 = Release|Any CPU
	EndGlobalSection
	GlobalSection(SolutionProperties) = preSolution
		HideSolutionNode = FALSE
	EndGlobalSection
	GlobalSection(ExtensibilityGlobals) = postSolution
		SolutionGuid = {995E9B57-9ADC-4A66-BC8E-BB5AD528F2F2}
	EndGlobalSection
EndGlobal
